
Microsoft Visual Studio Solution File, Format Version 12.00
# Visual Studio Version 16
VisualStudioVersion = 16.0.30128.74
MinimumVisualStudioVersion = 10.0.40219.1
Project("{FAE04EC0-301F-11D3-BF4B-00C04F79EFBC}") = "Sosil_FinalExam", "Sosil_FinalExam\Sosil_FinalExam.csproj", "{C1ACF788-9182-4633-B93F-F73F136547AB}"
EndProject
Global
	GlobalSection(SolutionConfigurationPlatforms) = preSolution
		Debug|Any CPU = Debug|Any CPU
		Release|Any CPU = Release|Any CPU
	EndGlobalSection
	GlobalSection(ProjectConfigurationPlatforms) = postSolution
		{C1ACF788-9182-4633-B93F-F73F136547AB}.Debug|Any CPU.ActiveCfg = Debug|Any CPU
		{C1ACF788-9182-4633-B93F-F73F136547AB}.Debug|Any CPU.Build.0 = Debug|Any CPU
		{C1ACF788-9182-4633-B93F-F73F136547AB}.Release|Any CPU.ActiveCfg = Release|Any CPU
		{C1ACF788-9182-4633-B93F-F73F136547AB}.Release|Any CPU.Build.0 = Release|Any CPU
	EndGlobalSection
	GlobalSection(SolutionProperties) = preSolution
		HideSolutionNode = FALSE
	EndGlobalSection
	GlobalSection(ExtensibilityGlobals) = postSolution
		SolutionGuid = {1EDDF9D3-F275-4D3F-8EF3-AC010298EFBE}
	EndGlobalSection
EndGlobal
